
Microsoft Visual Studio Solution File, Format Version 12.00
# Visual Studio Version 17
VisualStudioVersion = 17.5.33530.505
MinimumVisualStudioVersion = 10.0.40219.1
Project("{FAE04EC0-301F-11D3-BF4B-00C04F79EFBC}") = "totem 1", "totem 1\totem 1.csproj", "{0028FFC6-4AC3-4BF9-8408-1A7CDBB2F69B}"
EndProject
Global
	GlobalSection(SolutionConfigurationPlatforms) = preSolution
		Debug|Any CPU = Debug|Any CPU
		Release|Any CPU = Release|Any CPU
	EndGlobalSection
	GlobalSection(ProjectConfigurationPlatforms) = postSolution
		{0028FFC6-4AC3-4BF9-8408-1A7CDBB2F69B}.Debug|Any CPU.ActiveCfg = Debug|Any CPU
		{0028FFC6-4AC3-4BF9-8408-1A7CDBB2F69B}.Debug|Any CPU.Build.0 = Debug|Any CPU
		{0028FFC6-4AC3-4BF9-8408-1A7CDBB2F69B}.Release|Any CPU.ActiveCfg = Release|Any CPU
		{0028FFC6-4AC3-4BF9-8408-1A7CDBB2F69B}.Release|Any CPU.Build.0 = Release|Any CPU
	EndGlobalSection
	GlobalSection(SolutionProperties) = preSolution
		HideSolutionNode = FALSE
	EndGlobalSection
	GlobalSection(ExtensibilityGlobals) = postSolution
		SolutionGuid = {D47B66A7-7E23-41FC-9307-65330B2EEF10}
	EndGlobalSection
EndGlobal
